
Microsoft Visual Studio Solution File, Format Version 12.00
# Visual Studio Version 17
VisualStudioVersion = 17.8.34309.116
MinimumVisualStudioVersion = 10.0.40219.1
Project("{9A19103F-16F7-4668-BE54-9A1E7A4F7556}") = "Ecommerce.Web", "Ecommerce.Web\Ecommerce.Web.csproj", "{966C5125-67E8-4863-8AB9-E86BCADBDF33}"
EndProject
Project("{9A19103F-16F7-4668-BE54-9A1E7A4F7556}") = "Framework", "Framework\Framework.csproj", "{AAF82ADF-FF88-46AF-9786-4DC278E96845}"
EndProject
Project("{9A19103F-16F7-4668-BE54-9A1E7A4F7556}") = "DataAccessLayer", "DataAccessLayer\DataAccessLayer.csproj", "{B7C456F6-F9AB-4F53-A4FC-6E2ED08A160C}"
EndProject
Project("{FAE04EC0-301F-11D3-BF4B-00C04F79EFBC}") = "Membership", "Membership\Membership.csproj", "{73830BCD-AF43-4289-8E33-982E71C4032D}"
EndProject
Global
	GlobalSection(SolutionConfigurationPlatforms) = preSolution
		Debug|Any CPU = Debug|Any CPU
		Release|Any CPU = Release|Any CPU
	EndGlobalSection
	GlobalSection(ProjectConfigurationPlatforms) = postSolution
		{966C5125-67E8-4863-8AB9-E86BCADBDF33}.Debug|Any CPU.ActiveCfg = Debug|Any CPU
		{966C5125-67E8-4863-8AB9-E86BCADBDF33}.Debug|Any CPU.Build.0 = Debug|Any CPU
		{966C5125-67E8-4863-8AB9-E86BCADBDF33}.Release|Any CPU.ActiveCfg = Release|Any CPU
		{966C5125-67E8-4863-8AB9-E86BCADBDF33}.Release|Any CPU.Build.0 = Release|Any CPU
		{AAF82ADF-FF88-46AF-9786-4DC278E96845}.Debug|Any CPU.ActiveCfg = Debug|Any CPU
		{AAF82ADF-FF88-46AF-9786-4DC278E96845}.Debug|Any CPU.Build.0 = Debug|Any CPU
		{AAF82ADF-FF88-46AF-9786-4DC278E96845}.Release|Any CPU.ActiveCfg = Release|Any CPU
		{AAF82ADF-FF88-46AF-9786-4DC278E96845}.Release|Any CPU.Build.0 = Release|Any CPU
		{B7C456F6-F9AB-4F53-A4FC-6E2ED08A160C}.Debug|Any CPU.ActiveCfg = Debug|Any CPU
		{B7C456F6-F9AB-4F53-A4FC-6E2ED08A160C}.Debug|Any CPU.Build.0 = Debug|Any CPU
		{B7C456F6-F9AB-4F53-A4FC-6E2ED08A160C}.Release|Any CPU.ActiveCfg = Release|Any CPU
		{B7C456F6-F9AB-4F53-A4FC-6E2ED08A160C}.Release|Any CPU.Build.0 = Release|Any CPU
		{73830BCD-AF43-4289-8E33-982E71C4032D}.Debug|Any CPU.ActiveCfg = Debug|Any CPU
		{73830BCD-AF43-4289-8E33-982E71C4032D}.Debug|Any CPU.Build.0 = Debug|Any CPU
		{73830BCD-AF43-4289-8E33-982E71C4032D}.Release|Any CPU.ActiveCfg = Release|Any CPU
		{73830BCD-AF43-4289-8E33-982E71C4032D}.Release|Any CPU.Build.0 = Release|Any CPU
	EndGlobalSection
	GlobalSection(SolutionProperties) = preSolution
		HideSolutionNode = FALSE
	EndGlobalSection
	GlobalSection(ExtensibilityGlobals) = postSolution
		SolutionGuid = {B85385F3-3445-46D5-A3D0-72DE4B1F3A9A}
	EndGlobalSection
EndGlobal
